{
  "name": "@drantaz/f-log",
  "version": "1.0.2",
  "lockfileVersion": 2,
  "requires": true,
  "packages": {
    "": {
      "name": "@drantaz/f-log",
      "version": "1.0.2",
      "license": "ISC",
      "dependencies": {
        "@drantaz/f-log": "^1.0.2",
        "moment": "^2.29.4"
      },
      "devDependencies": {
        "@types/node": "^20.3.1"
      }
    },
    "node_modules/@drantaz/f-log": {
      "version": "1.0.2",
      "resolved": "https://registry.npmjs.org/@drantaz/f-log/-/f-log-1.0.2.tgz",
      "integrity": "sha512-e9agf48Uxb6CeNupIPIonRtK+D/0AHo+LYCiQ5DHMnl0F0GEbSaCPgozIlAITTP1wsrTB82P6iLuQYPu44RpFw==",
      "dependencies": {
        "@drantaz/f-log": "^1.0.1",
        "moment": "^2.29.4"
      }
    },
    "node_modules/@types/node": {
      "version": "20.3.1",
      "resolved": "https://registry.npmjs.org/@types/node/-/node-20.3.1.tgz",
      "integrity": "sha512-EhcH/wvidPy1WeML3TtYFGR83UzjxeWRen9V402T8aUGYsCHOmfoisV3ZSg03gAFIbLq8TnWOJ0f4cALtnSEUg==",
      "dev": true
    },
    "node_modules/moment": {
      "version": "2.29.4",
      "resolved": "https://registry.npmjs.org/moment/-/moment-2.29.4.tgz",
      "integrity": "sha512-5LC9SOxjSc2HF6vO2CyuTDNivEdoz2IvyJJGj6X8DJ0eFyfszE0QiEd+iXmBvUP3WHxSjFH/vIsA0EN00cgr8w==",
      "engines": {
        "node": "*"
      }
    }
  },
  "dependencies": {
    "@drantaz/f-log": {
      "version": "1.0.2",
      "resolved": "https://registry.npmjs.org/@drantaz/f-log/-/f-log-1.0.2.tgz",
      "integrity": "sha512-e9agf48Uxb6CeNupIPIonRtK+D/0AHo+LYCiQ5DHMnl0F0GEbSaCPgozIlAITTP1wsrTB82P6iLuQYPu44RpFw==",
      "requires": {
        "@drantaz/f-log": "^1.0.1",
        "moment": "^2.29.4"
      }
    },
    "@types/node": {
      "version": "20.3.1",
      "resolved": "https://registry.npmjs.org/@types/node/-/node-20.3.1.tgz",
      "integrity": "sha512-EhcH/wvidPy1WeML3TtYFGR83UzjxeWRen9V402T8aUGYsCHOmfoisV3ZSg03gAFIbLq8TnWOJ0f4cALtnSEUg==",
      "dev": true
    },
    "moment": {
      "version": "2.29.4",
      "resolved": "https://registry.npmjs.org/moment/-/moment-2.29.4.tgz",
      "integrity": "sha512-5LC9SOxjSc2HF6vO2CyuTDNivEdoz2IvyJJGj6X8DJ0eFyfszE0QiEd+iXmBvUP3WHxSjFH/vIsA0EN00cgr8w=="
    }
  }
}
